
Microsoft Visual Studio Solution File, Format Version 12.00
# Visual Studio Version 17
VisualStudioVersion = 17.10.35004.147
MinimumVisualStudioVersion = 10.0.40219.1
Project("{9A19103F-16F7-4668-BE54-9A1E7A4F7556}") = "CCR", "CCR\CCR.csproj", "{62F15123-7256-4552-9765-FDAA0CE2E3F2}"
EndProject
Global
	GlobalSection(SolutionConfigurationPlatforms) = preSolution
		Debug|Any CPU = Debug|Any CPU
		Release|Any CPU = Release|Any CPU
	EndGlobalSection
	GlobalSection(ProjectConfigurationPlatforms) = postSolution
		{62F15123-7256-4552-9765-FDAA0CE2E3F2}.Debug|Any CPU.ActiveCfg = Debug|Any CPU
		{62F15123-7256-4552-9765-FDAA0CE2E3F2}.Debug|Any CPU.Build.0 = Debug|Any CPU
		{62F15123-7256-4552-9765-FDAA0CE2E3F2}.Release|Any CPU.ActiveCfg = Release|Any CPU
		{62F15123-7256-4552-9765-FDAA0CE2E3F2}.Release|Any CPU.Build.0 = Release|Any CPU
	EndGlobalSection
	GlobalSection(SolutionProperties) = preSolution
		HideSolutionNode = FALSE
	EndGlobalSection
	GlobalSection(ExtensibilityGlobals) = postSolution
		SolutionGuid = {1891C92E-53FD-4C5F-A4B9-ABF060A32DE2}
	EndGlobalSection
EndGlobal
